
Microsoft Visual Studio Solution File, Format Version 12.00
# Visual Studio 15
VisualStudioVersion = 15.0.28307.705
MinimumVisualStudioVersion = 10.0.40219.1
Project("{9A19103F-16F7-4668-BE54-9A1E7A4F7556}") = "mvc-core-movie-app", "..\..\mvc-core-movie-app.csproj", "{24978F56-ABC6-487E-9D6C-4E6EC4AEEB2B}"
EndProject
Global
	GlobalSection(SolutionConfigurationPlatforms) = preSolution
		Debug|Any CPU = Debug|Any CPU
		Release|Any CPU = Release|Any CPU
	EndGlobalSection
	GlobalSection(ProjectConfigurationPlatforms) = postSolution
		{24978F56-ABC6-487E-9D6C-4E6EC4AEEB2B}.Debug|Any CPU.ActiveCfg = Debug|Any CPU
		{24978F56-ABC6-487E-9D6C-4E6EC4AEEB2B}.Debug|Any CPU.Build.0 = Debug|Any CPU
		{24978F56-ABC6-487E-9D6C-4E6EC4AEEB2B}.Release|Any CPU.ActiveCfg = Release|Any CPU
		{24978F56-ABC6-487E-9D6C-4E6EC4AEEB2B}.Release|Any CPU.Build.0 = Release|Any CPU
	EndGlobalSection
	GlobalSection(SolutionProperties) = preSolution
		HideSolutionNode = FALSE
	EndGlobalSection
	GlobalSection(ExtensibilityGlobals) = postSolution
		SolutionGuid = {682473BC-6611-4457-AA76-50573489C735}
	EndGlobalSection
EndGlobal
